
Microsoft Visual Studio Solution File, Format Version 12.00
# Visual Studio 15
VisualStudioVersion = 15.0.26228.9
MinimumVisualStudioVersion = 10.0.40219.1
Project("{2150E333-8FDC-42A3-9474-1A3956D46DE8}") = "Sources", "Sources", "{76D02CEF-26D4-4862-A243-D959F74DFAF5}"
EndProject
Project("{2150E333-8FDC-42A3-9474-1A3956D46DE8}") = "Tests", "Tests", "{CBBF9F30-2458-4978-9C3C-04B762D27EB1}"
EndProject
Project("{2150E333-8FDC-42A3-9474-1A3956D46DE8}") = "1 - Api", "1 - Api", "{17A1B5A1-A6E1-4A1C-A78F-9D4CADBF4CE5}"
EndProject
Project("{2150E333-8FDC-42A3-9474-1A3956D46DE8}") = "2 - Application", "2 - Application", "{D703EACE-C2C1-4310-8E30-3B4BEBEB4D84}"
EndProject
Project("{2150E333-8FDC-42A3-9474-1A3956D46DE8}") = "3 - Domain", "3 - Domain", "{56B16D30-1400-447A-B183-D0BEA220A481}"
EndProject
Project("{2150E333-8FDC-42A3-9474-1A3956D46DE8}") = "4 - Infra", "4 - Infra", "{92AD9B51-5946-489E-9248-D804F3FF3333}"
EndProject
Project("{2150E333-8FDC-42A3-9474-1A3956D46DE8}") = "4.1 - Data", "4.1 - Data", "{87D699B7-790E-485C-8344-A92FB536A06F}"
EndProject
Project("{2150E333-8FDC-42A3-9474-1A3956D46DE8}") = "4.2 - CrossCutting", "4.2 - CrossCutting", "{AFE21441-C8C2-40BE-AAFD-4B959891C82B}"
EndProject
Project("{2150E333-8FDC-42A3-9474-1A3956D46DE8}") = "3 - Domain", "3 - Domain", "{03AEEEE4-ED48-4542-B796-376202994FD2}"
EndProject
Project("{9A19103F-16F7-4668-BE54-9A1E7A4F7556}") = "Domain", "src\Domain\Domain.csproj", "{D5F9DE12-BB81-4A1F-AD21-790C1036A3A7}"
EndProject
Project("{9A19103F-16F7-4668-BE54-9A1E7A4F7556}") = "SharedKernel", "src\SharedKernel\SharedKernel.csproj", "{535A4172-6A73-4803-A326-474932DC3652}"
EndProject
Project("{9A19103F-16F7-4668-BE54-9A1E7A4F7556}") = "SharedKernel.Tests", "tests\SharedKernel.Tests\SharedKernel.Tests.csproj", "{D65FB012-9B54-43FE-B462-198E9D19F495}"
EndProject
Project("{FAE04EC0-301F-11D3-BF4B-00C04F79EFBC}") = "Data", "src\Data\Data.csproj", "{76A945F3-1EB3-457A-9724-C101A7E59819}"
EndProject
Global
	GlobalSection(SolutionConfigurationPlatforms) = preSolution
		Debug|Any CPU = Debug|Any CPU
		Release|Any CPU = Release|Any CPU
	EndGlobalSection
	GlobalSection(ProjectConfigurationPlatforms) = postSolution
		{D5F9DE12-BB81-4A1F-AD21-790C1036A3A7}.Debug|Any CPU.ActiveCfg = Debug|Any CPU
		{D5F9DE12-BB81-4A1F-AD21-790C1036A3A7}.Debug|Any CPU.Build.0 = Debug|Any CPU
		{D5F9DE12-BB81-4A1F-AD21-790C1036A3A7}.Release|Any CPU.ActiveCfg = Release|Any CPU
		{D5F9DE12-BB81-4A1F-AD21-790C1036A3A7}.Release|Any CPU.Build.0 = Release|Any CPU
		{535A4172-6A73-4803-A326-474932DC3652}.Debug|Any CPU.ActiveCfg = Debug|Any CPU
		{535A4172-6A73-4803-A326-474932DC3652}.Debug|Any CPU.Build.0 = Debug|Any CPU
		{535A4172-6A73-4803-A326-474932DC3652}.Release|Any CPU.ActiveCfg = Release|Any CPU
		{535A4172-6A73-4803-A326-474932DC3652}.Release|Any CPU.Build.0 = Release|Any CPU
		{D65FB012-9B54-43FE-B462-198E9D19F495}.Debug|Any CPU.ActiveCfg = Debug|Any CPU
		{D65FB012-9B54-43FE-B462-198E9D19F495}.Debug|Any CPU.Build.0 = Debug|Any CPU
		{D65FB012-9B54-43FE-B462-198E9D19F495}.Release|Any CPU.ActiveCfg = Release|Any CPU
		{D65FB012-9B54-43FE-B462-198E9D19F495}.Release|Any CPU.Build.0 = Release|Any CPU
		{76A945F3-1EB3-457A-9724-C101A7E59819}.Debug|Any CPU.ActiveCfg = Debug|Any CPU
		{76A945F3-1EB3-457A-9724-C101A7E59819}.Debug|Any CPU.Build.0 = Debug|Any CPU
		{76A945F3-1EB3-457A-9724-C101A7E59819}.Release|Any CPU.ActiveCfg = Release|Any CPU
		{76A945F3-1EB3-457A-9724-C101A7E59819}.Release|Any CPU.Build.0 = Release|Any CPU
	EndGlobalSection
	GlobalSection(SolutionProperties) = preSolution
		HideSolutionNode = FALSE
	EndGlobalSection
	GlobalSection(NestedProjects) = preSolution
		{17A1B5A1-A6E1-4A1C-A78F-9D4CADBF4CE5} = {76D02CEF-26D4-4862-A243-D959F74DFAF5}
		{D703EACE-C2C1-4310-8E30-3B4BEBEB4D84} = {76D02CEF-26D4-4862-A243-D959F74DFAF5}
		{56B16D30-1400-447A-B183-D0BEA220A481} = {76D02CEF-26D4-4862-A243-D959F74DFAF5}
		{92AD9B51-5946-489E-9248-D804F3FF3333} = {76D02CEF-26D4-4862-A243-D959F74DFAF5}
		{87D699B7-790E-485C-8344-A92FB536A06F} = {92AD9B51-5946-489E-9248-D804F3FF3333}
		{AFE21441-C8C2-40BE-AAFD-4B959891C82B} = {92AD9B51-5946-489E-9248-D804F3FF3333}
		{03AEEEE4-ED48-4542-B796-376202994FD2} = {CBBF9F30-2458-4978-9C3C-04B762D27EB1}
		{D5F9DE12-BB81-4A1F-AD21-790C1036A3A7} = {56B16D30-1400-447A-B183-D0BEA220A481}
		{535A4172-6A73-4803-A326-474932DC3652} = {56B16D30-1400-447A-B183-D0BEA220A481}
		{D65FB012-9B54-43FE-B462-198E9D19F495} = {03AEEEE4-ED48-4542-B796-376202994FD2}
		{76A945F3-1EB3-457A-9724-C101A7E59819} = {87D699B7-790E-485C-8344-A92FB536A06F}
	EndGlobalSection
EndGlobal
